// !$*UTF8*$!
{
	archiveVersion = 1;
	classes = {
	};
	objectVersion = 51;
	objects = {

/* Begin PBXBuildFile section */
		2B3A54E729B3EF79D546275A /* Pods_Cat_Gif___.framework in Frameworks */ = {isa = PBXBuildFile; fileRef = 92FB510949553EC818C220DB /* Pods_Cat_Gif___.framework */; };
		8AACC51D22D8714A00E4D8E6 /* AppDelegate.swift in Sources */ = {isa = PBXBuildFile; fileRef = 8AACC51C22D8714A00E4D8E6 /* AppDelegate.swift */; };
		8AACC51F22D8714A00E4D8E6 /* ViewController.swift in Sources */ = {isa = PBXBuildFile; fileRef = 8AACC51E22D8714A00E4D8E6 /* ViewController.swift */; };
		8AACC52222D8714A00E4D8E6 /* Main.storyboard in Resources */ = {isa = PBXBuildFile; fileRef = 8AACC52022D8714A00E4D8E6 /* Main.storyboard */; };
		8AACC52422D8714C00E4D8E6 /* Assets.xcassets in Resources */ = {isa = PBXBuildFile; fileRef = 8AACC52322D8714C00E4D8E6 /* Assets.xcassets */; };
		8AACC52722D8714C00E4D8E6 /* LaunchScreen.storyboard in Resources */ = {isa = PBXBuildFile; fileRef = 8AACC52522D8714C00E4D8E6 /* LaunchScreen.storyboard */; };
		8AACC53022D8719B00E4D8E6 /* CatAPI.swift in Sources */ = {isa = PBXBuildFile; fileRef = 8AACC52F22D8719B00E4D8E6 /* CatAPI.swift */; };
		8AACC53422D8760500E4D8E6 /* CatModel.xcdatamodeld in Sources */ = {isa = PBXBuildFile; fileRef = 8AACC53222D8760500E4D8E6 /* CatModel.xcdatamodeld */; };
		8AACC53622D8764100E4D8E6 /* CoreDataStack.swift in Sources */ = {isa = PBXBuildFile; fileRef = 8AACC53522D8764100E4D8E6 /* CoreDataStack.swift */; };
		8AACC53922D8767100E4D8E6 /* Cat+CoreDataClass.swift in Sources */ = {isa = PBXBuildFile; fileRef = 8AACC53722D8767100E4D8E6 /* Cat+CoreDataClass.swift */; };
		8AACC53A22D8767100E4D8E6 /* Cat+CoreDataProperties.swift in Sources */ = {isa = PBXBuildFile; fileRef = 8AACC53822D8767100E4D8E6 /* Cat+CoreDataProperties.swift */; };
		8AACC53C22D876EA00E4D8E6 /* ServerCat.swift in Sources */ = {isa = PBXBuildFile; fileRef = 8AACC53B22D876EA00E4D8E6 /* ServerCat.swift */; };
		8AACC53E22D877B900E4D8E6 /* Country+Saving.swift in Sources */ = {isa = PBXBuildFile; fileRef = 8AACC53D22D877B900E4D8E6 /* Country+Saving.swift */; };
		8AACC54022D8783000E4D8E6 /* Country+Queries.swift in Sources */ = {isa = PBXBuildFile; fileRef = 8AACC53F22D8783000E4D8E6 /* Country+Queries.swift */; };
		8AACC54622D87FAB00E4D8E6 /* CatCell.swift in Sources */ = {isa = PBXBuildFile; fileRef = 8AACC54522D87FAB00E4D8E6 /* CatCell.swift */; };
		8AACC54822D88EFD00E4D8E6 /* CatDetailViewController.swift in Sources */ = {isa = PBXBuildFile; fileRef = 8AACC54722D88EFD00E4D8E6 /* CatDetailViewController.swift */; };
/* End PBXBuildFile section */

/* Begin PBXFileReference section */
		37955136F819124CCEED5342 /* Pods-Cat Gif ++.debug.xcconfig */ = {isa = PBXFileReference; includeInIndex = 1; lastKnownFileType = text.xcconfig; name = "Pods-Cat Gif ++.debug.xcconfig"; path = "Target Support Files/Pods-Cat Gif ++/Pods-Cat Gif ++.debug.xcconfig"; sourceTree = "<group>"; };
		8AACC51922D8714A00E4D8E6 /* Cat Gif ++.app */ = {isa = PBXFileReference; explicitFileType = wrapper.application; includeInIndex = 0; path = "Cat Gif ++.app"; sourceTree = BUILT_PRODUCTS_DIR; };
		8AACC51C22D8714A00E4D8E6 /* AppDelegate.swift */ = {isa = PBXFileReference; lastKnownFileType = sourcecode.swift; path = AppDelegate.swift; sourceTree = "<group>"; };
		8AACC51E22D8714A00E4D8E6 /* ViewController.swift */ = {isa = PBXFileReference; lastKnownFileType = sourcecode.swift; path = ViewController.swift; sourceTree = "<group>"; };
		8AACC52122D8714A00E4D8E6 /* Base */ = {isa = PBXFileReference; lastKnownFileType = file.storyboard; name = Base; path = Base.lproj/Main.storyboard; sourceTree = "<group>"; };
		8AACC52322D8714C00E4D8E6 /* Assets.xcassets */ = {isa = PBXFileReference; lastKnownFileType = folder.assetcatalog; path = Assets.xcassets; sourceTree = "<group>"; };
		8AACC52622D8714C00E4D8E6 /* Base */ = {isa = PBXFileReference; lastKnownFileType = file.storyboard; name = Base; path = Base.lproj/LaunchScreen.storyboard; sourceTree = "<group>"; };
		8AACC52822D8714C00E4D8E6 /* Info.plist */ = {isa = PBXFileReference; lastKnownFileType = text.plist.xml; path = Info.plist; sourceTree = "<group>"; };
		8AACC52F22D8719B00E4D8E6 /* CatAPI.swift */ = {isa = PBXFileReference; lastKnownFileType = sourcecode.swift; path = CatAPI.swift; sourceTree = "<group>"; };
		8AACC53322D8760500E4D8E6 /* CatModel.xcdatamodel */ = {isa = PBXFileReference; lastKnownFileType = wrapper.xcdatamodel; path = CatModel.xcdatamodel; sourceTree = "<group>"; };
		8AACC53522D8764100E4D8E6 /* CoreDataStack.swift */ = {isa = PBXFileReference; fileEncoding = 4; lastKnownFileType = sourcecode.swift; path = CoreDataStack.swift; sourceTree = "<group>"; };
		8AACC53722D8767100E4D8E6 /* Cat+CoreDataClass.swift */ = {isa = PBXFileReference; lastKnownFileType = sourcecode.swift; path = "Cat+CoreDataClass.swift"; sourceTree = "<group>"; };
		8AACC53822D8767100E4D8E6 /* Cat+CoreDataProperties.swift */ = {isa = PBXFileReference; lastKnownFileType = sourcecode.swift; path = "Cat+CoreDataProperties.swift"; sourceTree = "<group>"; };
		8AACC53B22D876EA00E4D8E6 /* ServerCat.swift */ = {isa = PBXFileReference; lastKnownFileType = sourcecode.swift; path = ServerCat.swift; sourceTree = "<group>"; };
		8AACC53D22D877B900E4D8E6 /* Country+Saving.swift */ = {isa = PBXFileReference; fileEncoding = 4; lastKnownFileType = sourcecode.swift; path = "Country+Saving.swift"; sourceTree = "<group>"; };
		8AACC53F22D8783000E4D8E6 /* Country+Queries.swift */ = {isa = PBXFileReference; fileEncoding = 4; lastKnownFileType = sourcecode.swift; path = "Country+Queries.swift"; sourceTree = "<group>"; };
		8AACC54522D87FAB00E4D8E6 /* CatCell.swift */ = {isa = PBXFileReference; lastKnownFileType = sourcecode.swift; path = CatCell.swift; sourceTree = "<group>"; };
		8AACC54722D88EFD00E4D8E6 /* CatDetailViewController.swift */ = {isa = PBXFileReference; lastKnownFileType = sourcecode.swift; path = CatDetailViewController.swift; sourceTree = "<group>"; };
		92FB510949553EC818C220DB /* Pods_Cat_Gif___.framework */ = {isa = PBXFileReference; explicitFileType = wrapper.framework; includeInIndex = 0; path = "Pods_Cat_Gif___.framework"; sourceTree = BUILT_PRODUCTS_DIR; };
		AC5F989C5B4FBC39BB61233E /* Pods-Cat Gif ++.release.xcconfig */ = {isa = PBXFileReference; includeInIndex = 1; lastKnownFileType = text.xcconfig; name = "Pods-Cat Gif ++.release.xcconfig"; path = "Target Support Files/Pods-Cat Gif ++/Pods-Cat Gif ++.release.xcconfig"; sourceTree = "<group>"; };
/* End PBXFileReference section */

/* Begin PBXFrameworksBuildPhase section */
		8AACC51622D8714A00E4D8E6 /* Frameworks */ = {
			isa = PBXFrameworksBuildPhase;
			buildActionMask = 2147483647;
			files = (
				2B3A54E729B3EF79D546275A /* Pods_Cat_Gif___.framework in Frameworks */,
			);
			runOnlyForDeploymentPostprocessing = 0;
		};
/* End PBXFrameworksBuildPhase section */

/* Begin PBXGroup section */
		26FF10050F31758A5B499977 /* Pods */ = {
			isa = PBXGroup;
			children = (
				37955136F819124CCEED5342 /* Pods-Cat Gif ++.debug.xcconfig */,
				AC5F989C5B4FBC39BB61233E /* Pods-Cat Gif ++.release.xcconfig */,
			);
			path = Pods;
			sourceTree = "<group>";
		};
		8AACC51022D8714900E4D8E6 = {
			isa = PBXGroup;
			children = (
				8AACC51B22D8714A00E4D8E6 /* Cat Gif ++ */,
				8AACC51A22D8714A00E4D8E6 /* Products */,
				26FF10050F31758A5B499977 /* Pods */,
				AA553D24DE2499C46640811B /* Frameworks */,
			);
			sourceTree = "<group>";
		};
		8AACC51A22D8714A00E4D8E6 /* Products */ = {
			isa = PBXGroup;
			children = (
				8AACC51922D8714A00E4D8E6 /* Cat Gif ++.app */,
			);
			name = Products;
			sourceTree = "<group>";
		};
		8AACC51B22D8714A00E4D8E6 /* Cat Gif ++ */ = {
			isa = PBXGroup;
			children = (
				8AACC54422D87F8400E4D8E6 /* Cells */,
				8AACC54322D87ECB00E4D8E6 /* Supporting */,
				8AACC54222D87EB300E4D8E6 /* Views */,
				8AACC54122D87A2D00E4D8E6 /* ViewControllers */,
				8AACC52E22D8718400E4D8E6 /* Networking */,
				8AACC53122D875A400E4D8E6 /* Model */,
				8AACC52322D8714C00E4D8E6 /* Assets.xcassets */,
				8AACC52822D8714C00E4D8E6 /* Info.plist */,
			);
			path = "Cat Gif ++";
			sourceTree = "<group>";
		};
		8AACC52E22D8718400E4D8E6 /* Networking */ = {
			isa = PBXGroup;
			children = (
				8AACC52F22D8719B00E4D8E6 /* CatAPI.swift */,
			);
			path = Networking;
			sourceTree = "<group>";
		};
		8AACC53122D875A400E4D8E6 /* Model */ = {
			isa = PBXGroup;
			children = (
				8AACC53F22D8783000E4D8E6 /* Country+Queries.swift */,
				8AACC53722D8767100E4D8E6 /* Cat+CoreDataClass.swift */,
				8AACC53822D8767100E4D8E6 /* Cat+CoreDataProperties.swift */,
				8AACC53222D8760500E4D8E6 /* CatModel.xcdatamodeld */,
				8AACC53522D8764100E4D8E6 /* CoreDataStack.swift */,
				8AACC53D22D877B900E4D8E6 /* Country+Saving.swift */,
				8AACC53B22D876EA00E4D8E6 /* ServerCat.swift */,
			);
			path = Model;
			sourceTree = "<group>";
		};
		8AACC54122D87A2D00E4D8E6 /* ViewControllers */ = {
			isa = PBXGroup;
			children = (
				8AACC51E22D8714A00E4D8E6 /* ViewController.swift */,
				8AACC54722D88EFD00E4D8E6 /* CatDetailViewController.swift */,
			);
			path = ViewControllers;
			sourceTree = "<group>";
		};
		8AACC54222D87EB300E4D8E6 /* Views */ = {
			isa = PBXGroup;
			children = (
				8AACC52022D8714A00E4D8E6 /* Main.storyboard */,
				8AACC52522D8714C00E4D8E6 /* LaunchScreen.storyboard */,
			);
			path = Views;
			sourceTree = "<group>";
		};
		8AACC54322D87ECB00E4D8E6 /* Supporting */ = {
			isa = PBXGroup;
			children = (
				8AACC51C22D8714A00E4D8E6 /* AppDelegate.swift */,
			);
			path = Supporting;
			sourceTree = "<group>";
		};
		8AACC54422D87F8400E4D8E6 /* Cells */ = {
			isa = PBXGroup;
			children = (
				8AACC54522D87FAB00E4D8E6 /* CatCell.swift */,
			);
			path = Cells;
			sourceTree = "<group>";
		};
		AA553D24DE2499C46640811B /* Frameworks */ = {
			isa = PBXGroup;
			children = (
				92FB510949553EC818C220DB /* Pods_Cat_Gif___.framework */,
			);
			name = Frameworks;
			sourceTree = "<group>";
		};
/* End PBXGroup section */

/* Begin PBXNativeTarget section */
		8AACC51822D8714A00E4D8E6 /* Cat Gif ++ */ = {
			isa = PBXNativeTarget;
			buildConfigurationList = 8AACC52B22D8714C00E4D8E6 /* Build configuration list for PBXNativeTarget "Cat Gif ++" */;
			buildPhases = (
				79F15B2487F8BA03AB52A065 /* [CP] Check Pods Manifest.lock */,
				8AACC51522D8714A00E4D8E6 /* Sources */,
				8AACC51622D8714A00E4D8E6 /* Frameworks */,
				8AACC51722D8714A00E4D8E6 /* Resources */,
				8DE5B969551292C186594ADD /* [CP] Embed Pods Frameworks */,
			);
			buildRules = (
			);
			dependencies = (
			);
			name = "Cat Gif ++";
			productName = "Cat Gif ++";
			productReference = 8AACC51922D8714A00E4D8E6 /* Cat Gif ++.app */;
			productType = "com.apple.product-type.application";
		};
/* End PBXNativeTarget section */

/* Begin PBXProject section */
		8AACC51122D8714900E4D8E6 /* Project object */ = {
			isa = PBXProject;
			attributes = {
				LastSwiftUpdateCheck = 1020;
				LastUpgradeCheck = 1020;
				ORGANIZATIONNAME = "Karim Cordilia";
				TargetAttributes = {
					8AACC51822D8714A00E4D8E6 = {
						CreatedOnToolsVersion = 10.2.1;
					};
				};
			};
			buildConfigurationList = 8AACC51422D8714900E4D8E6 /* Build configuration list for PBXProject "Cat Gif ++" */;
			compatibilityVersion = "Xcode 9.3";
			developmentRegion = en;
			hasScannedForEncodings = 0;
			knownRegions = (
				en,
				Base,
			);
			mainGroup = 8AACC51022D8714900E4D8E6;
			productRefGroup = 8AACC51A22D8714A00E4D8E6 /* Products */;
			projectDirPath = "";
			projectRoot = "";
			targets = (
				8AACC51822D8714A00E4D8E6 /* Cat Gif ++ */,
			);
		};
/* End PBXProject section */

/* Begin PBXResourcesBuildPhase section */
		8AACC51722D8714A00E4D8E6 /* Resources */ = {
			isa = PBXResourcesBuildPhase;
			buildActionMask = 2147483647;
			files = (
				8AACC52722D8714C00E4D8E6 /* LaunchScreen.storyboard in Resources */,
				8AACC52422D8714C00E4D8E6 /* Assets.xcassets in Resources */,
				8AACC52222D8714A00E4D8E6 /* Main.storyboard in Resources */,
			);
			runOnlyForDeploymentPostprocessing = 0;
		};
/* End PBXResourcesBuildPhase section */

/* Begin PBXShellScriptBuildPhase section */
		79F15B2487F8BA03AB52A065 /* [CP] Check Pods Manifest.lock */ = {
			isa = PBXShellScriptBuildPhase;
			buildActionMask = 2147483647;
			files = (
			);
			inputFileListPaths = (
			);
			inputPaths = (
				"${PODS_PODFILE_DIR_PATH}/Podfile.lock",
				"${PODS_ROOT}/Manifest.lock",
			);
			name = "[CP] Check Pods Manifest.lock";
			outputFileListPaths = (
			);
			outputPaths = (
				"$(DERIVED_FILE_DIR)/Pods-Cat Gif ++-checkManifestLockResult.txt",
			);
			runOnlyForDeploymentPostprocessing = 0;
			shellPath = /bin/sh;
			shellScript = "diff \"${PODS_PODFILE_DIR_PATH}/Podfile.lock\" \"${PODS_ROOT}/Manifest.lock\" > /dev/null\nif [ $? != 0 ] ; then\n    # print error to STDERR\n    echo \"error: The sandbox is not in sync with the Podfile.lock. Run 'pod install' or update your CocoaPods installation.\" >&2\n    exit 1\nfi\n# This output is used by Xcode 'outputs' to avoid re-running this script phase.\necho \"SUCCESS\" > \"${SCRIPT_OUTPUT_FILE_0}\"\n";
			showEnvVarsInLog = 0;
		};
		8DE5B969551292C186594ADD /* [CP] Embed Pods Frameworks */ = {
			isa = PBXShellScriptBuildPhase;
			buildActionMask = 2147483647;
			files = (
			);
			inputFileListPaths = (
				"${PODS_ROOT}/Target Support Files/Pods-Cat Gif ++/Pods-Cat Gif ++-frameworks-${CONFIGURATION}-input-files.xcfilelist",
			);
			name = "[CP] Embed Pods Frameworks";
			outputFileListPaths = (
				"${PODS_ROOT}/Target Support Files/Pods-Cat Gif ++/Pods-Cat Gif ++-frameworks-${CONFIGURATION}-output-files.xcfilelist",
			);
			runOnlyForDeploymentPostprocessing = 0;
			shellPath = /bin/sh;
			shellScript = "\"${PODS_ROOT}/Target Support Files/Pods-Cat Gif ++/Pods-Cat Gif ++-frameworks.sh\"\n";
			showEnvVarsInLog = 0;
		};
/* End PBXShellScriptBuildPhase section */

/* Begin PBXSourcesBuildPhase section */
		8AACC51522D8714A00E4D8E6 /* Sources */ = {
			isa = PBXSourcesBuildPhase;
			buildActionMask = 2147483647;
			files = (
				8AACC53622D8764100E4D8E6 /* CoreDataStack.swift in Sources */,
				8AACC53C22D876EA00E4D8E6 /* ServerCat.swift in Sources */,
				8AACC54822D88EFD00E4D8E6 /* CatDetailViewController.swift in Sources */,
				8AACC51F22D8714A00E4D8E6 /* ViewController.swift in Sources */,
				8AACC53A22D8767100E4D8E6 /* Cat+CoreDataProperties.swift in Sources */,
				8AACC53922D8767100E4D8E6 /* Cat+CoreDataClass.swift in Sources */,
				8AACC54022D8783000E4D8E6 /* Country+Queries.swift in Sources */,
				8AACC54622D87FAB00E4D8E6 /* CatCell.swift in Sources */,
				8AACC51D22D8714A00E4D8E6 /* AppDelegate.swift in Sources */,
				8AACC53422D8760500E4D8E6 /* CatModel.xcdatamodeld in Sources */,
				8AACC53E22D877B900E4D8E6 /* Country+Saving.swift in Sources */,
				8AACC53022D8719B00E4D8E6 /* CatAPI.swift in Sources */,
			);
			runOnlyForDeploymentPostprocessing = 0;
		};
/* End PBXSourcesBuildPhase section */

/* Begin PBXVariantGroup section */
		8AACC52022D8714A00E4D8E6 /* Main.storyboard */ = {
			isa = PBXVariantGroup;
			children = (
				8AACC52122D8714A00E4D8E6 /* Base */,
			);
			name = Main.storyboard;
			sourceTree = "<group>";
		};
		8AACC52522D8714C00E4D8E6 /* LaunchScreen.storyboard */ = {
			isa = PBXVariantGroup;
			children = (
				8AACC52622D8714C00E4D8E6 /* Base */,
			);
			name = LaunchScreen.storyboard;
			sourceTree = "<group>";
		};
/* End PBXVariantGroup section */

/* Begin XCBuildConfiguration section */
		8AACC52922D8714C00E4D8E6 /* Debug */ = {
			isa = XCBuildConfiguration;
			buildSettings = {
				ALWAYS_SEARCH_USER_PATHS = NO;
				CLANG_ANALYZER_NONNULL = YES;
				CLANG_ANALYZER_NUMBER_OBJECT_CONVERSION = YES_AGGRESSIVE;
				CLANG_CXX_LANGUAGE_STANDARD = "gnu++14";
				CLANG_CXX_LIBRARY = "libc++";
				CLANG_ENABLE_MODULES = YES;
				CLANG_ENABLE_OBJC_ARC = YES;
				CLANG_ENABLE_OBJC_WEAK = YES;
				CLANG_WARN_BLOCK_CAPTURE_AUTORELEASING = YES;
				CLANG_WARN_BOOL_CONVERSION = YES;
				CLANG_WARN_COMMA = YES;
				CLANG_WARN_CONSTANT_CONVERSION = YES;
				CLANG_WARN_DEPRECATED_OBJC_IMPLEMENTATIONS = YES;
				CLANG_WARN_DIRECT_OBJC_ISA_USAGE = YES_ERROR;
				CLANG_WARN_DOCUMENTATION_COMMENTS = YES;
				CLANG_WARN_EMPTY_BODY = YES;
				CLANG_WARN_ENUM_CONVERSION = YES;
				CLANG_WARN_INFINITE_RECURSION = YES;
				CLANG_WARN_INT_CONVERSION = YES;
				CLANG_WARN_NON_LITERAL_NULL_CONVERSION = YES;
				CLANG_WARN_OBJC_IMPLICIT_RETAIN_SELF = YES;
				CLANG_WARN_OBJC_LITERAL_CONVERSION = YES;
				CLANG_WARN_OBJC_ROOT_CLASS = YES_ERROR;
				CLANG_WARN_RANGE_LOOP_ANALYSIS = YES;
				CLANG_WARN_STRICT_PROTOTYPES = YES;
				CLANG_WARN_SUSPICIOUS_MOVE = YES;
				CLANG_WARN_UNGUARDED_AVAILABILITY = YES_AGGRESSIVE;
				CLANG_WARN_UNREACHABLE_CODE = YES;
				CLANG_WARN__DUPLICATE_METHOD_MATCH = YES;
				CODE_SIGN_IDENTITY = "iPhone Developer";
				COPY_PHASE_STRIP = NO;
				DEBUG_INFORMATION_FORMAT = dwarf;
				ENABLE_STRICT_OBJC_MSGSEND = YES;
				ENABLE_TESTABILITY = YES;
				GCC_C_LANGUAGE_STANDARD = gnu11;
				GCC_DYNAMIC_NO_PIC = NO;
				GCC_NO_COMMON_BLOCKS = YES;
				GCC_OPTIMIZATION_LEVEL = 0;
				GCC_PREPROCESSOR_DEFINITIONS = (
					"DEBUG=1",
					"$(inherited)",
				);
				GCC_WARN_64_TO_32_BIT_CONVERSION = YES;
				GCC_WARN_ABOUT_RETURN_TYPE = YES_ERROR;
				GCC_WARN_UNDECLARED_SELECTOR = YES;
				GCC_WARN_UNINITIALIZED_AUTOS = YES_AGGRESSIVE;
				GCC_WARN_UNUSED_FUNCTION = YES;
				GCC_WARN_UNUSED_VARIABLE = YES;
				IPHONEOS_DEPLOYMENT_TARGET = 12.2;
				MTL_ENABLE_DEBUG_INFO = INCLUDE_SOURCE;
				MTL_FAST_MATH = YES;
				ONLY_ACTIVE_ARCH = YES;
				SDKROOT = iphoneos;
				SWIFT_ACTIVE_COMPILATION_CONDITIONS = DEBUG;
				SWIFT_OPTIMIZATION_LEVEL = "-Onone";
			};
			name = Debug;
		};
		8AACC52A22D8714C00E4D8E6 /* Release */ = {
			isa = XCBuildConfiguration;
			buildSettings = {
				ALWAYS_SEARCH_USER_PATHS = NO;
				CLANG_ANALYZER_NONNULL = YES;
				CLANG_ANALYZER_NUMBER_OBJECT_CONVERSION = YES_AGGRESSIVE;
				CLANG_CXX_LANGUAGE_STANDARD = "gnu++14";
				CLANG_CXX_LIBRARY = "libc++";
				CLANG_ENABLE_MODULES = YES;
				CLANG_ENABLE_OBJC_ARC = YES;
				CLANG_ENABLE_OBJC_WEAK = YES;
				CLANG_WARN_BLOCK_CAPTURE_AUTORELEASING = YES;
				CLANG_WARN_BOOL_CONVERSION = YES;
				CLANG_WARN_COMMA = YES;
				CLANG_WARN_CONSTANT_CONVERSION = YES;
				CLANG_WARN_DEPRECATED_OBJC_IMPLEMENTATIONS = YES;
				CLANG_WARN_DIRECT_OBJC_ISA_USAGE = YES_ERROR;
				CLANG_WARN_DOCUMENTATION_COMMENTS = YES;
				CLANG_WARN_EMPTY_BODY = YES;
				CLANG_WARN_ENUM_CONVERSION = YES;
				CLANG_WARN_INFINITE_RECURSION = YES;
				CLANG_WARN_INT_CONVERSION = YES;
				CLANG_WARN_NON_LITERAL_NULL_CONVERSION = YES;
				CLANG_WARN_OBJC_IMPLICIT_RETAIN_SELF = YES;
				CLANG_WARN_OBJC_LITERAL_CONVERSION = YES;
				CLANG_WARN_OBJC_ROOT_CLASS = YES_ERROR;
				CLANG_WARN_RANGE_LOOP_ANALYSIS = YES;
				CLANG_WARN_STRICT_PROTOTYPES = YES;
				CLANG_WARN_SUSPICIOUS_MOVE = YES;
				CLANG_WARN_UNGUARDED_AVAILABILITY = YES_AGGRESSIVE;
				CLANG_WARN_UNREACHABLE_CODE = YES;
				CLANG_WARN__DUPLICATE_METHOD_MATCH = YES;
				CODE_SIGN_IDENTITY = "iPhone Developer";
				COPY_PHASE_STRIP = NO;
				DEBUG_INFORMATION_FORMAT = "dwarf-with-dsym";
				ENABLE_NS_ASSERTIONS = NO;
				ENABLE_STRICT_OBJC_MSGSEND = YES;
				GCC_C_LANGUAGE_STANDARD = gnu11;
				GCC_NO_COMMON_BLOCKS = YES;
				GCC_WARN_64_TO_32_BIT_CONVERSION = YES;
				GCC_WARN_ABOUT_RETURN_TYPE = YES_ERROR;
				GCC_WARN_UNDECLARED_SELECTOR = YES;
				GCC_WARN_UNINITIALIZED_AUTOS = YES_AGGRESSIVE;
				GCC_WARN_UNUSED_FUNCTION = YES;
				GCC_WARN_UNUSED_VARIABLE = YES;
				IPHONEOS_DEPLOYMENT_TARGET = 12.2;
				MTL_ENABLE_DEBUG_INFO = NO;
				MTL_FAST_MATH = YES;
				SDKROOT = iphoneos;
				SWIFT_COMPILATION_MODE = wholemodule;
				SWIFT_OPTIMIZATION_LEVEL = "-O";
				VALIDATE_PRODUCT = YES;
			};
			name = Release;
		};
		8AACC52C22D8714C00E4D8E6 /* Debug */ = {
			isa = XCBuildConfiguration;
			baseConfigurationReference = 37955136F819124CCEED5342 /* Pods-Cat Gif ++.debug.xcconfig */;
			buildSettings = {
				ASSETCATALOG_COMPILER_APPICON_NAME = AppIcon;
				CODE_SIGN_STYLE = Automatic;
				DEVELOPMENT_TEAM = D99Z26P27B;
				INFOPLIST_FILE = "Cat Gif ++/Info.plist";
				LD_RUNPATH_SEARCH_PATHS = (
					"$(inherited)",
					"@executable_path/Frameworks",
				);
				PRODUCT_BUNDLE_IDENTIFIER = "com.karimcordilia.Cat-Gif---";
				PRODUCT_NAME = "$(TARGET_NAME)";
				SWIFT_VERSION = 5.0;
				TARGETED_DEVICE_FAMILY = "1,2";
			};
			name = Debug;
		};
		8AACC52D22D8714C00E4D8E6 /* Release */ = {
			isa = XCBuildConfiguration;
			baseConfigurationReference = AC5F989C5B4FBC39BB61233E /* Pods-Cat Gif ++.release.xcconfig */;
			buildSettings = {
				ASSETCATALOG_COMPILER_APPICON_NAME = AppIcon;
				CODE_SIGN_STYLE = Automatic;
				DEVELOPMENT_TEAM = D99Z26P27B;
				INFOPLIST_FILE = "Cat Gif ++/Info.plist";
				LD_RUNPATH_SEARCH_PATHS = (
					"$(inherited)",
					"@executable_path/Frameworks",
				);
				PRODUCT_BUNDLE_IDENTIFIER = "com.karimcordilia.Cat-Gif---";
				PRODUCT_NAME = "$(TARGET_NAME)";
				SWIFT_VERSION = 5.0;
				TARGETED_DEVICE_FAMILY = "1,2";
			};
			name = Release;
		};
/* End XCBuildConfiguration section */

/* Begin XCConfigurationList section */
		8AACC51422D8714900E4D8E6 /* Build configuration list for PBXProject "Cat Gif ++" */ = {
			isa = XCConfigurationList;
			buildConfigurations = (
				8AACC52922D8714C00E4D8E6 /* Debug */,
				8AACC52A22D8714C00E4D8E6 /* Release */,
			);
			defaultConfigurationIsVisible = 0;
			defaultConfigurationName = Release;
		};
		8AACC52B22D8714C00E4D8E6 /* Build configuration list for PBXNativeTarget "Cat Gif ++" */ = {
			isa = XCConfigurationList;
			buildConfigurations = (
				8AACC52C22D8714C00E4D8E6 /* Debug */,
				8AACC52D22D8714C00E4D8E6 /* Release */,
			);
			defaultConfigurationIsVisible = 0;
			defaultConfigurationName = Release;
		};
/* End XCConfigurationList section */

/* Begin XCVersionGroup section */
		8AACC53222D8760500E4D8E6 /* CatModel.xcdatamodeld */ = {
			isa = XCVersionGroup;
			children = (
				8AACC53322D8760500E4D8E6 /* CatModel.xcdatamodel */,
			);
			currentVersion = 8AACC53322D8760500E4D8E6 /* CatModel.xcdatamodel */;
			path = CatModel.xcdatamodeld;
			sourceTree = "<group>";
			versionGroupType = wrapper.xcdatamodel;
		};
/* End XCVersionGroup section */
	};
	rootObject = 8AACC51122D8714900E4D8E6 /* Project object */;
}
